
Microsoft Visual Studio Solution File, Format Version 12.00
# Visual Studio Version 17
VisualStudioVersion = 17.4.33213.308
MinimumVisualStudioVersion = 10.0.40219.1
Project("{FAE04EC0-301F-11D3-BF4B-00C04F79EFBC}") = "SpaceProgram.Application", "SpaceProgram\SpaceProgram.Application.csproj", "{A345F55B-925E-4741-BFA9-1725593B2B48}"
EndProject
Project("{FAE04EC0-301F-11D3-BF4B-00C04F79EFBC}") = "SpaceProgram.Test", "SpaceProgram.Test\SpaceProgram.Test.csproj", "{2EA2BE13-C207-471F-B976-70E440E655DD}"
EndProject
Global
	GlobalSection(SolutionConfigurationPlatforms) = preSolution
		Debug|Any CPU = Debug|Any CPU
		Release|Any CPU = Release|Any CPU
	EndGlobalSection
	GlobalSection(ProjectConfigurationPlatforms) = postSolution
		{A345F55B-925E-4741-BFA9-1725593B2B48}.Debug|Any CPU.ActiveCfg = Debug|Any CPU
		{A345F55B-925E-4741-BFA9-1725593B2B48}.Debug|Any CPU.Build.0 = Debug|Any CPU
		{A345F55B-925E-4741-BFA9-1725593B2B48}.Release|Any CPU.ActiveCfg = Release|Any CPU
		{A345F55B-925E-4741-BFA9-1725593B2B48}.Release|Any CPU.Build.0 = Release|Any CPU
		{2EA2BE13-C207-471F-B976-70E440E655DD}.Debug|Any CPU.ActiveCfg = Debug|Any CPU
		{2EA2BE13-C207-471F-B976-70E440E655DD}.Debug|Any CPU.Build.0 = Debug|Any CPU
		{2EA2BE13-C207-471F-B976-70E440E655DD}.Release|Any CPU.ActiveCfg = Release|Any CPU
		{2EA2BE13-C207-471F-B976-70E440E655DD}.Release|Any CPU.Build.0 = Release|Any CPU
	EndGlobalSection
	GlobalSection(SolutionProperties) = preSolution
		HideSolutionNode = FALSE
	EndGlobalSection
	GlobalSection(ExtensibilityGlobals) = postSolution
		SolutionGuid = {A8973EEF-BAF7-4943-9D5D-B600AD82901A}
	EndGlobalSection
EndGlobal
